
Microsoft Visual Studio Solution File, Format Version 12.00
# Visual Studio Version 16
VisualStudioVersion = 16.0.31004.235
MinimumVisualStudioVersion = 10.0.40219.1
Project("{9A19103F-16F7-4668-BE54-9A1E7A4F7556}") = "Paginator.EntityFrameworkCore", "Paginator.EntityFrameworkCore.csproj", "{2642CB54-145C-4403-92ED-13B000A78E4E}"
EndProject
Project("{FAE04EC0-301F-11D3-BF4B-00C04F79EFBC}") = "tests", "tests\tests.csproj", "{96E4E2AA-FD17-498F-A62C-3F6ACA3B00DF}"
EndProject
Global
	GlobalSection(SolutionConfigurationPlatforms) = preSolution
		Debug|Any CPU = Debug|Any CPU
		Release|Any CPU = Release|Any CPU
	EndGlobalSection
	GlobalSection(ProjectConfigurationPlatforms) = postSolution
		{2642CB54-145C-4403-92ED-13B000A78E4E}.Debug|Any CPU.ActiveCfg = Debug|Any CPU
		{2642CB54-145C-4403-92ED-13B000A78E4E}.Debug|Any CPU.Build.0 = Debug|Any CPU
		{2642CB54-145C-4403-92ED-13B000A78E4E}.Release|Any CPU.ActiveCfg = Release|Any CPU
		{2642CB54-145C-4403-92ED-13B000A78E4E}.Release|Any CPU.Build.0 = Release|Any CPU
		{96E4E2AA-FD17-498F-A62C-3F6ACA3B00DF}.Debug|Any CPU.ActiveCfg = Debug|Any CPU
		{96E4E2AA-FD17-498F-A62C-3F6ACA3B00DF}.Debug|Any CPU.Build.0 = Debug|Any CPU
		{96E4E2AA-FD17-498F-A62C-3F6ACA3B00DF}.Release|Any CPU.ActiveCfg = Release|Any CPU
		{96E4E2AA-FD17-498F-A62C-3F6ACA3B00DF}.Release|Any CPU.Build.0 = Release|Any CPU
	EndGlobalSection
	GlobalSection(SolutionProperties) = preSolution
		HideSolutionNode = FALSE
	EndGlobalSection
	GlobalSection(ExtensibilityGlobals) = postSolution
		SolutionGuid = {E926AAAA-B5EA-4F8F-BCC0-54D0167F8FF2}
	EndGlobalSection
EndGlobal
